# This file is automatically @generated by Cargo.
# It is not intended for manual editing.
version = 4

[[package]]
name = "sumo-lint-cli"
version = "0.1.0"
dependencies = [
 "sumo-wiki-core",
]

[[package]]
name = "sumo-lint-lsp"
version = "0.1.0"
dependencies = [
 "sumo-wiki-core",
]

[[package]]
name = "sumo-lint-wasm"
version = "0.1.0"
dependencies = [
 "sumo-wiki-core",
]

[[package]]
name = "sumo-wiki-core"
version = "0.1.0"
